
Microsoft Visual Studio Solution File, Format Version 12.00
# Visual Studio Version 17
VisualStudioVersion = 17.9.34728.123
MinimumVisualStudioVersion = 10.0.40219.1
Project("{9A19103F-16F7-4668-BE54-9A1E7A4F7556}") = "API", "API\API.csproj", "{5ADFBF6F-8169-4845-99BB-D05578774778}"
EndProject
Project("{FAE04EC0-301F-11D3-BF4B-00C04F79EFBC}") = "WEB", "WEB\WEB.csproj", "{ABF3EBA5-2D85-4DD6-9992-7E3997EACBEC}"
EndProject
Global
	GlobalSection(SolutionConfigurationPlatforms) = preSolution
		Debug|Any CPU = Debug|Any CPU
		Release|Any CPU = Release|Any CPU
	EndGlobalSection
	GlobalSection(ProjectConfigurationPlatforms) = postSolution
		{5ADFBF6F-8169-4845-99BB-D05578774778}.Debug|Any CPU.ActiveCfg = Debug|Any CPU
		{5ADFBF6F-8169-4845-99BB-D05578774778}.Debug|Any CPU.Build.0 = Debug|Any CPU
		{5ADFBF6F-8169-4845-99BB-D05578774778}.Release|Any CPU.ActiveCfg = Release|Any CPU
		{5ADFBF6F-8169-4845-99BB-D05578774778}.Release|Any CPU.Build.0 = Release|Any CPU
		{ABF3EBA5-2D85-4DD6-9992-7E3997EACBEC}.Debug|Any CPU.ActiveCfg = Debug|Any CPU
		{ABF3EBA5-2D85-4DD6-9992-7E3997EACBEC}.Debug|Any CPU.Build.0 = Debug|Any CPU
		{ABF3EBA5-2D85-4DD6-9992-7E3997EACBEC}.Release|Any CPU.ActiveCfg = Release|Any CPU
		{ABF3EBA5-2D85-4DD6-9992-7E3997EACBEC}.Release|Any CPU.Build.0 = Release|Any CPU
	EndGlobalSection
	GlobalSection(SolutionProperties) = preSolution
		HideSolutionNode = FALSE
	EndGlobalSection
	GlobalSection(ExtensibilityGlobals) = postSolution
		SolutionGuid = {0DC47A86-41DC-4C68-9F02-52DB42F0C765}
	EndGlobalSection
EndGlobal
